{
  "dependencies": {
    "jquery": {
      "version": "2.2.4",
      "resolved": "https://registry.npmjs.org/jquery/-/jquery-2.2.4.tgz",
      "from": "jquery@>=1.10.2 <3.0.0"
    },
    "uploadcare-widget": {
      "version": "2.10.2",
      "resolved": "https://registry.npmjs.org/uploadcare-widget/-/uploadcare-widget-2.10.2.tgz",
      "from": "uploadcare-widget@2.10.2"
    }
  }
}
